
Microsoft Visual Studio Solution File, Format Version 12.00
# Visual Studio 15
VisualStudioVersion = 15.0.27130.2010
MinimumVisualStudioVersion = 10.0.40219.1
Project("{FAE04EC0-301F-11D3-BF4B-00C04F79EFBC}") = "DesignPattern", "DesignPattern\DesignPattern.csproj", "{A2357D87-5E99-4B0B-B8D5-EC0D5D7E0E4E}"
EndProject
Project("{FAE04EC0-301F-11D3-BF4B-00C04F79EFBC}") = "Strategy", "Strategy\Strategy.csproj", "{64D1B0F7-1A35-41EC-A389-4A8B3D41A34E}"
EndProject
Project("{FAE04EC0-301F-11D3-BF4B-00C04F79EFBC}") = "Observer", "Observer\Observer.csproj", "{9BB59EFA-1988-4BF2-B7FC-544B489FEB0D}"
EndProject
Project("{FAE04EC0-301F-11D3-BF4B-00C04F79EFBC}") = "Decorator", "Decorator\Decorator.csproj", "{2BF36D01-FFCB-46EC-8457-1E68D50BBB1C}"
EndProject
Project("{FAE04EC0-301F-11D3-BF4B-00C04F79EFBC}") = "Factory", "Factory\Factory.csproj", "{356B00A1-4ACB-4A86-8954-A2F62DF1DEA9}"
EndProject
Project("{FAE04EC0-301F-11D3-BF4B-00C04F79EFBC}") = "Singleton", "Singleton\Singleton.csproj", "{41F215C2-D764-4FD5-A671-3E19B9D4B7B7}"
EndProject
Project("{FAE04EC0-301F-11D3-BF4B-00C04F79EFBC}") = "Command", "Command\Command.csproj", "{2268F7A3-DC41-408D-817F-1B983BD07616}"
EndProject
Project("{FAE04EC0-301F-11D3-BF4B-00C04F79EFBC}") = "Adaptor", "Adaptor\Adaptor.csproj", "{1D1BC193-3452-41AB-B2FA-B0EBFDC79527}"
EndProject
Project("{FAE04EC0-301F-11D3-BF4B-00C04F79EFBC}") = "Facade", "Facade\Facade.csproj", "{9D6EB350-6D7F-42BF-8E64-A5BA15E98FA2}"
EndProject
Project("{FAE04EC0-301F-11D3-BF4B-00C04F79EFBC}") = "TemplateMethod", "TemplateMethod\TemplateMethod.csproj", "{66791E9E-B578-45FB-AC98-4C77494E57F2}"
EndProject
Global
	GlobalSection(SolutionConfigurationPlatforms) = preSolution
		Debug|Any CPU = Debug|Any CPU
		Release|Any CPU = Release|Any CPU
	EndGlobalSection
	GlobalSection(ProjectConfigurationPlatforms) = postSolution
		{A2357D87-5E99-4B0B-B8D5-EC0D5D7E0E4E}.Debug|Any CPU.ActiveCfg = Debug|Any CPU
		{A2357D87-5E99-4B0B-B8D5-EC0D5D7E0E4E}.Debug|Any CPU.Build.0 = Debug|Any CPU
		{A2357D87-5E99-4B0B-B8D5-EC0D5D7E0E4E}.Release|Any CPU.ActiveCfg = Release|Any CPU
		{A2357D87-5E99-4B0B-B8D5-EC0D5D7E0E4E}.Release|Any CPU.Build.0 = Release|Any CPU
		{64D1B0F7-1A35-41EC-A389-4A8B3D41A34E}.Debug|Any CPU.ActiveCfg = Debug|Any CPU
		{64D1B0F7-1A35-41EC-A389-4A8B3D41A34E}.Debug|Any CPU.Build.0 = Debug|Any CPU
		{64D1B0F7-1A35-41EC-A389-4A8B3D41A34E}.Release|Any CPU.ActiveCfg = Release|Any CPU
		{64D1B0F7-1A35-41EC-A389-4A8B3D41A34E}.Release|Any CPU.Build.0 = Release|Any CPU
		{9BB59EFA-1988-4BF2-B7FC-544B489FEB0D}.Debug|Any CPU.ActiveCfg = Debug|Any CPU
		{9BB59EFA-1988-4BF2-B7FC-544B489FEB0D}.Debug|Any CPU.Build.0 = Debug|Any CPU
		{9BB59EFA-1988-4BF2-B7FC-544B489FEB0D}.Release|Any CPU.ActiveCfg = Release|Any CPU
		{9BB59EFA-1988-4BF2-B7FC-544B489FEB0D}.Release|Any CPU.Build.0 = Release|Any CPU
		{2BF36D01-FFCB-46EC-8457-1E68D50BBB1C}.Debug|Any CPU.ActiveCfg = Debug|Any CPU
		{2BF36D01-FFCB-46EC-8457-1E68D50BBB1C}.Debug|Any CPU.Build.0 = Debug|Any CPU
		{2BF36D01-FFCB-46EC-8457-1E68D50BBB1C}.Release|Any CPU.ActiveCfg = Release|Any CPU
		{2BF36D01-FFCB-46EC-8457-1E68D50BBB1C}.Release|Any CPU.Build.0 = Release|Any CPU
		{356B00A1-4ACB-4A86-8954-A2F62DF1DEA9}.Debug|Any CPU.ActiveCfg = Debug|Any CPU
		{356B00A1-4ACB-4A86-8954-A2F62DF1DEA9}.Debug|Any CPU.Build.0 = Debug|Any CPU
		{356B00A1-4ACB-4A86-8954-A2F62DF1DEA9}.Release|Any CPU.ActiveCfg = Release|Any CPU
		{356B00A1-4ACB-4A86-8954-A2F62DF1DEA9}.Release|Any CPU.Build.0 = Release|Any CPU
		{41F215C2-D764-4FD5-A671-3E19B9D4B7B7}.Debug|Any CPU.ActiveCfg = Debug|Any CPU
		{41F215C2-D764-4FD5-A671-3E19B9D4B7B7}.Debug|Any CPU.Build.0 = Debug|Any CPU
		{41F215C2-D764-4FD5-A671-3E19B9D4B7B7}.Release|Any CPU.ActiveCfg = Release|Any CPU
		{41F215C2-D764-4FD5-A671-3E19B9D4B7B7}.Release|Any CPU.Build.0 = Release|Any CPU
		{2268F7A3-DC41-408D-817F-1B983BD07616}.Debug|Any CPU.ActiveCfg = Debug|Any CPU
		{2268F7A3-DC41-408D-817F-1B983BD07616}.Debug|Any CPU.Build.0 = Debug|Any CPU
		{2268F7A3-DC41-408D-817F-1B983BD07616}.Release|Any CPU.ActiveCfg = Release|Any CPU
		{2268F7A3-DC41-408D-817F-1B983BD07616}.Release|Any CPU.Build.0 = Release|Any CPU
		{1D1BC193-3452-41AB-B2FA-B0EBFDC79527}.Debug|Any CPU.ActiveCfg = Debug|Any CPU
		{1D1BC193-3452-41AB-B2FA-B0EBFDC79527}.Debug|Any CPU.Build.0 = Debug|Any CPU
		{1D1BC193-3452-41AB-B2FA-B0EBFDC79527}.Release|Any CPU.ActiveCfg = Release|Any CPU
		{1D1BC193-3452-41AB-B2FA-B0EBFDC79527}.Release|Any CPU.Build.0 = Release|Any CPU
		{9D6EB350-6D7F-42BF-8E64-A5BA15E98FA2}.Debug|Any CPU.ActiveCfg = Debug|Any CPU
		{9D6EB350-6D7F-42BF-8E64-A5BA15E98FA2}.Debug|Any CPU.Build.0 = Debug|Any CPU
		{9D6EB350-6D7F-42BF-8E64-A5BA15E98FA2}.Release|Any CPU.ActiveCfg = Release|Any CPU
		{9D6EB350-6D7F-42BF-8E64-A5BA15E98FA2}.Release|Any CPU.Build.0 = Release|Any CPU
		{66791E9E-B578-45FB-AC98-4C77494E57F2}.Debug|Any CPU.ActiveCfg = Debug|Any CPU
		{66791E9E-B578-45FB-AC98-4C77494E57F2}.Debug|Any CPU.Build.0 = Debug|Any CPU
		{66791E9E-B578-45FB-AC98-4C77494E57F2}.Release|Any CPU.ActiveCfg = Release|Any CPU
		{66791E9E-B578-45FB-AC98-4C77494E57F2}.Release|Any CPU.Build.0 = Release|Any CPU
	EndGlobalSection
	GlobalSection(SolutionProperties) = preSolution
		HideSolutionNode = FALSE
	EndGlobalSection
	GlobalSection(ExtensibilityGlobals) = postSolution
		SolutionGuid = {4E85291E-FC4A-4805-B624-A000EF6CA671}
	EndGlobalSection
EndGlobal
